<?xml version="1.0" encoding="utf-8"?>
<Project ToolsVersion="4.0" xmlns="http://schemas.microsoft.com/developer/msbuild/2003">
  <ItemGroup>
    <Filter Include="src">
      <UniqueIdentifier>{ef0aef2a-a1b7-4182-9e2b-a983e00dda8b}</UniqueIdentifier>
    </Filter>
    <Filter Include="time">
      <UniqueIdentifier>{031c3c24-3083-42c0-8bb9-717b4188a59e}</UniqueIdentifier>
    </Filter>
    <Filter Include="base">
      <UniqueIdentifier>{d529b9a9-275f-4b62-a2c3-aea4ef01d4ac}</UniqueIdentifier>
    </Filter>
  </ItemGroup>
  <ItemGroup>
    <ClInclude Include="..\include\evpp\base\evppbase_export.h">
      <Filter>base</Filter>
    </ClInclude>
    <ClInclude Include="..\include\evpp\base\platform_config.h">
      <Filter>base</Filter>
    </ClInclude>
    <ClInclude Include="..\include\evpp\base\inner_pre.h">
      <Filter>base</Filter>
    </ClInclude>
    <ClInclude Include="..\include\evpp\base\exp.h">
      <Filter>base</Filter>
    </ClInclude>
    <ClInclude Include="..\include\evpp\base\duration.h">
      <Filter>time</Filter>
    </ClInclude>
    <ClInclude Include="..\include\evpp\base\duration.inl.h">
      <Filter>time</Filter>
    </ClInclude>
    <ClInclude Include="..\include\evpp\base\gettimeofday.h">
      <Filter>time</Filter>
    </ClInclude>
    <ClInclude Include="..\include\evpp\base\timestamp.h">
      <Filter>time</Filter>
    </ClInclude>
    <ClInclude Include="..\include\evpp\base\timestamp.inl.h">
      <Filter>time</Filter>
    </ClInclude>
    <ClInclude Include="..\include\evpp\base\ip_address.h">
      <Filter>src</Filter>
    </ClInclude>
    <ClInclude Include="..\include\evpp\base\slice.h">
      <Filter>src</Filter>
    </ClInclude>
    <ClInclude Include="..\include\evpp\base\sys_addrinfo.h">
      <Filter>src</Filter>
    </ClInclude>
  </ItemGroup>
  <ItemGroup>
    <ClCompile Include="..\src\base\pch.cc">
      <Filter>src</Filter>
    </ClCompile>
    <ClCompile Include="..\src\base\ip_address.cc">
      <Filter>src</Filter>
    </ClCompile>
  </ItemGroup>
</Project>