<?xml version="1.0" encoding="utf-8"?>
<Project ToolsVersion="4.0" xmlns="http://schemas.microsoft.com/developer/msbuild/2003">
  <ItemGroup>
    <Filter Include="evloop">
      <UniqueIdentifier>{6a94d149-6f7b-47af-94e3-19d9eab3d441}</UniqueIdentifier>
    </Filter>
    <Filter Include="sockets">
      <UniqueIdentifier>{eee53411-c7a0-4552-85ab-81e36a0b66cc}</UniqueIdentifier>
    </Filter>
    <Filter Include="time">
      <UniqueIdentifier>{db27fc34-e756-45b7-92eb-38df61f5dae1}</UniqueIdentifier>
    </Filter>
    <Filter Include="common">
      <UniqueIdentifier>{93995380-89BD-4b04-88EB-625FBE52EBFB}</UniqueIdentifier>
      <Extensions>h;hh;hpp;hxx;hm;inl;inc;xsd</Extensions>
    </Filter>
    <Filter Include="httpclient">
      <UniqueIdentifier>{864b010e-26b9-4613-93ed-6283fa419625}</UniqueIdentifier>
    </Filter>
  </ItemGroup>
  <ItemGroup>
    <ClCompile Include="..\evpp\inner_pre.cc">
      <Filter>common</Filter>
    </ClCompile>
    <ClCompile Include="..\evpp\libevent_compact.cc">
      <Filter>common</Filter>
    </ClCompile>
    <ClCompile Include="..\evpp\pch.cc">
      <Filter>common</Filter>
    </ClCompile>
    <ClCompile Include="..\evpp\fd_channel.cc">
      <Filter>sockets</Filter>
    </ClCompile>
    <ClCompile Include="..\evpp\event_loop.cc">
      <Filter>evloop</Filter>
    </ClCompile>
    <ClCompile Include="..\evpp\event_loop_thread.cc">
      <Filter>evloop</Filter>
    </ClCompile>
    <ClCompile Include="..\evpp\event_loop_thread_pool.cc">
      <Filter>evloop</Filter>
    </ClCompile>
    <ClCompile Include="..\evpp\sockets.cc">
      <Filter>sockets</Filter>
    </ClCompile>
    <ClCompile Include="..\evpp\duration.cc">
      <Filter>time</Filter>
    </ClCompile>
    <ClCompile Include="..\evpp\invoke_timer.cc">
      <Filter>evloop</Filter>
    </ClCompile>
    <ClCompile Include="..\evpp\buffer.cc">
      <Filter>common</Filter>
    </ClCompile>
    <ClCompile Include="..\evpp\libevent_watcher.cc">
      <Filter>evloop</Filter>
    </ClCompile>
    <ClCompile Include="..\evpp\connector.cc">
      <Filter>sockets</Filter>
    </ClCompile>
    <ClCompile Include="..\evpp\listener.cc">
      <Filter>sockets</Filter>
    </ClCompile>
    <ClCompile Include="..\evpp\tcp_client.cc">
      <Filter>sockets</Filter>
    </ClCompile>
    <ClCompile Include="..\evpp\tcp_conn.cc">
      <Filter>sockets</Filter>
    </ClCompile>
    <ClCompile Include="..\evpp\tcp_server.cc">
      <Filter>sockets</Filter>
    </ClCompile>
    <ClCompile Include="..\evpp\httpc\response.cc">
      <Filter>httpclient</Filter>
    </ClCompile>
    <ClCompile Include="..\evpp\httpc\request.cc">
      <Filter>httpclient</Filter>
    </ClCompile>
    <ClCompile Include="..\evpp\httpc\conn.cc">
      <Filter>httpclient</Filter>
    </ClCompile>
    <ClCompile Include="..\evpp\httpc\conn_pool.cc">
      <Filter>httpclient</Filter>
    </ClCompile>
    <ClCompile Include="..\evpp\httpc\url_parser.cc">
      <Filter>httpclient</Filter>
    </ClCompile>
    <ClCompile Include="..\evpp\dns_resolver.cc">
      <Filter>sockets</Filter>
    </ClCompile>
  </ItemGroup>
  <ItemGroup>
    <ClInclude Include="..\evpp\exp.h">
      <Filter>common</Filter>
    </ClInclude>
    <ClInclude Include="..\evpp\inner_pre.h">
      <Filter>common</Filter>
    </ClInclude>
    <ClInclude Include="..\evpp\libevent_headers.h">
      <Filter>common</Filter>
    </ClInclude>
    <ClInclude Include="..\evpp\fd_channel.h">
      <Filter>sockets</Filter>
    </ClInclude>
    <ClInclude Include="..\evpp\event_loop.h">
      <Filter>evloop</Filter>
    </ClInclude>
    <ClInclude Include="..\evpp\event_loop_thread.h">
      <Filter>evloop</Filter>
    </ClInclude>
    <ClInclude Include="..\evpp\event_loop_thread_pool.h">
      <Filter>evloop</Filter>
    </ClInclude>
    <ClInclude Include="..\evpp\sockets.h">
      <Filter>sockets</Filter>
    </ClInclude>
    <ClInclude Include="..\evpp\evpp_export.h">
      <Filter>common</Filter>
    </ClInclude>
    <ClInclude Include="..\evpp\log_config.h">
      <Filter>common</Filter>
    </ClInclude>
    <ClInclude Include="..\evpp\platform_config.h">
      <Filter>common</Filter>
    </ClInclude>
    <ClInclude Include="..\evpp\duration.h">
      <Filter>time</Filter>
    </ClInclude>
    <ClInclude Include="..\evpp\duration.inl.h">
      <Filter>time</Filter>
    </ClInclude>
    <ClInclude Include="..\evpp\gettimeofday.h">
      <Filter>time</Filter>
    </ClInclude>
    <ClInclude Include="..\evpp\timestamp.h">
      <Filter>time</Filter>
    </ClInclude>
    <ClInclude Include="..\evpp\timestamp.inl.h">
      <Filter>time</Filter>
    </ClInclude>
    <ClInclude Include="..\evpp\sys_sockets.h">
      <Filter>sockets</Filter>
    </ClInclude>
    <ClInclude Include="..\evpp\sys_addrinfo.h">
      <Filter>sockets</Filter>
    </ClInclude>
    <ClInclude Include="..\evpp\invoke_timer.h">
      <Filter>evloop</Filter>
    </ClInclude>
    <ClInclude Include="..\evpp\any.h">
      <Filter>common</Filter>
    </ClInclude>
    <ClInclude Include="..\evpp\buffer.h">
      <Filter>common</Filter>
    </ClInclude>
    <ClInclude Include="..\evpp\slice.h">
      <Filter>common</Filter>
    </ClInclude>
    <ClInclude Include="..\evpp\utility.h">
      <Filter>common</Filter>
    </ClInclude>
    <ClInclude Include="..\evpp\libevent_watcher.h">
      <Filter>evloop</Filter>
    </ClInclude>
    <ClInclude Include="..\evpp\tcp_server.h">
      <Filter>sockets</Filter>
    </ClInclude>
    <ClInclude Include="..\evpp\connector.h">
      <Filter>sockets</Filter>
    </ClInclude>
    <ClInclude Include="..\evpp\listener.h">
      <Filter>sockets</Filter>
    </ClInclude>
    <ClInclude Include="..\evpp\tcp_callbacks.h">
      <Filter>sockets</Filter>
    </ClInclude>
    <ClInclude Include="..\evpp\tcp_client.h">
      <Filter>sockets</Filter>
    </ClInclude>
    <ClInclude Include="..\evpp\tcp_conn.h">
      <Filter>sockets</Filter>
    </ClInclude>
    <ClInclude Include="..\evpp\httpc\response.h">
      <Filter>httpclient</Filter>
    </ClInclude>
    <ClInclude Include="..\evpp\httpc\request.h">
      <Filter>httpclient</Filter>
    </ClInclude>
    <ClInclude Include="..\evpp\httpc\conn.h">
      <Filter>httpclient</Filter>
    </ClInclude>
    <ClInclude Include="..\evpp\httpc\conn_pool.h">
      <Filter>httpclient</Filter>
    </ClInclude>
    <ClInclude Include="..\evpp\httpc\url_parser.h">
      <Filter>httpclient</Filter>
    </ClInclude>
    <ClInclude Include="..\evpp\dns_resolver.h">
      <Filter>sockets</Filter>
    </ClInclude>
  </ItemGroup>
</Project>