<?xml version="1.0" encoding="utf-8"?>
<Project ToolsVersion="4.0" xmlns="http://schemas.microsoft.com/developer/msbuild/2003">
  <ItemGroup>
    <Filter Include="evloop">
      <UniqueIdentifier>{6a94d149-6f7b-47af-94e3-19d9eab3d441}</UniqueIdentifier>
    </Filter>
    <Filter Include="sockets">
      <UniqueIdentifier>{eee53411-c7a0-4552-85ab-81e36a0b66cc}</UniqueIdentifier>
    </Filter>
    <Filter Include="time">
      <UniqueIdentifier>{db27fc34-e756-45b7-92eb-38df61f5dae1}</UniqueIdentifier>
    </Filter>
    <Filter Include="common">
      <UniqueIdentifier>{93995380-89BD-4b04-88EB-625FBE52EBFB}</UniqueIdentifier>
      <Extensions>h;hh;hpp;hxx;hm;inl;inc;xsd</Extensions>
    </Filter>
    <Filter Include="httpclient">
      <UniqueIdentifier>{864b010e-26b9-4613-93ed-6283fa419625}</UniqueIdentifier>
    </Filter>
  </ItemGroup>
  <ItemGroup>
    <ClCompile Include="..\src\inner_pre.cc">
      <Filter>common</Filter>
    </ClCompile>
    <ClCompile Include="..\src\libevent_compact.cc">
      <Filter>common</Filter>
    </ClCompile>
    <ClCompile Include="..\src\pch.cc">
      <Filter>common</Filter>
    </ClCompile>
    <ClCompile Include="..\src\fd_channel.cc">
      <Filter>sockets</Filter>
    </ClCompile>
    <ClCompile Include="..\src\event_loop.cc">
      <Filter>evloop</Filter>
    </ClCompile>
    <ClCompile Include="..\src\event_loop_thread.cc">
      <Filter>evloop</Filter>
    </ClCompile>
    <ClCompile Include="..\src\event_loop_thread_pool.cc">
      <Filter>evloop</Filter>
    </ClCompile>
    <ClCompile Include="..\src\sockets.cc">
      <Filter>sockets</Filter>
    </ClCompile>
    <ClCompile Include="..\src\duration.cc">
      <Filter>time</Filter>
    </ClCompile>
    <ClCompile Include="..\src\invoke_timer.cc">
      <Filter>evloop</Filter>
    </ClCompile>
    <ClCompile Include="..\src\buffer.cc">
      <Filter>common</Filter>
    </ClCompile>
    <ClCompile Include="..\src\libevent_watcher.cc">
      <Filter>evloop</Filter>
    </ClCompile>
    <ClCompile Include="..\src\connector.cc">
      <Filter>sockets</Filter>
    </ClCompile>
    <ClCompile Include="..\src\listener.cc">
      <Filter>sockets</Filter>
    </ClCompile>
    <ClCompile Include="..\src\tcp_client.cc">
      <Filter>sockets</Filter>
    </ClCompile>
    <ClCompile Include="..\src\tcp_conn.cc">
      <Filter>sockets</Filter>
    </ClCompile>
    <ClCompile Include="..\src\tcp_server.cc">
      <Filter>sockets</Filter>
    </ClCompile>
    <ClCompile Include="..\src\httpc\response.cc">
      <Filter>httpclient</Filter>
    </ClCompile>
    <ClCompile Include="..\src\httpc\request.cc">
      <Filter>httpclient</Filter>
    </ClCompile>
    <ClCompile Include="..\src\httpc\conn.cc">
      <Filter>httpclient</Filter>
    </ClCompile>
    <ClCompile Include="..\src\httpc\conn_pool.cc">
      <Filter>httpclient</Filter>
    </ClCompile>
    <ClCompile Include="..\src\httpc\url_parser.cc">
      <Filter>httpclient</Filter>
    </ClCompile>
  </ItemGroup>
  <ItemGroup>
    <ClInclude Include="..\include\evpp\exp.h">
      <Filter>common</Filter>
    </ClInclude>
    <ClInclude Include="..\include\evpp\inner_pre.h">
      <Filter>common</Filter>
    </ClInclude>
    <ClInclude Include="..\include\evpp\libevent_headers.h">
      <Filter>common</Filter>
    </ClInclude>
    <ClInclude Include="..\include\evpp\fd_channel.h">
      <Filter>sockets</Filter>
    </ClInclude>
    <ClInclude Include="..\include\evpp\event_loop.h">
      <Filter>evloop</Filter>
    </ClInclude>
    <ClInclude Include="..\include\evpp\event_loop_thread.h">
      <Filter>evloop</Filter>
    </ClInclude>
    <ClInclude Include="..\include\evpp\event_loop_thread_pool.h">
      <Filter>evloop</Filter>
    </ClInclude>
    <ClInclude Include="..\include\evpp\sockets.h">
      <Filter>sockets</Filter>
    </ClInclude>
    <ClInclude Include="..\include\evpp\evpp_export.h">
      <Filter>common</Filter>
    </ClInclude>
    <ClInclude Include="..\include\evpp\log_config.h">
      <Filter>common</Filter>
    </ClInclude>
    <ClInclude Include="..\include\evpp\platform_config.h">
      <Filter>common</Filter>
    </ClInclude>
    <ClInclude Include="..\include\evpp\duration.h">
      <Filter>time</Filter>
    </ClInclude>
    <ClInclude Include="..\include\evpp\duration.inl.h">
      <Filter>time</Filter>
    </ClInclude>
    <ClInclude Include="..\include\evpp\gettimeofday.h">
      <Filter>time</Filter>
    </ClInclude>
    <ClInclude Include="..\include\evpp\timestamp.h">
      <Filter>time</Filter>
    </ClInclude>
    <ClInclude Include="..\include\evpp\timestamp.inl.h">
      <Filter>time</Filter>
    </ClInclude>
    <ClInclude Include="..\include\evpp\sys_sockets.h">
      <Filter>sockets</Filter>
    </ClInclude>
    <ClInclude Include="..\include\evpp\sys_addrinfo.h">
      <Filter>sockets</Filter>
    </ClInclude>
    <ClInclude Include="..\include\evpp\invoke_timer.h">
      <Filter>evloop</Filter>
    </ClInclude>
    <ClInclude Include="..\include\evpp\any.h">
      <Filter>common</Filter>
    </ClInclude>
    <ClInclude Include="..\include\evpp\buffer.h">
      <Filter>common</Filter>
    </ClInclude>
    <ClInclude Include="..\include\evpp\slice.h">
      <Filter>common</Filter>
    </ClInclude>
    <ClInclude Include="..\include\evpp\utility.h">
      <Filter>common</Filter>
    </ClInclude>
    <ClInclude Include="..\include\evpp\libevent_watcher.h">
      <Filter>evloop</Filter>
    </ClInclude>
    <ClInclude Include="..\include\evpp\tcp_server.h">
      <Filter>sockets</Filter>
    </ClInclude>
    <ClInclude Include="..\include\evpp\connector.h">
      <Filter>sockets</Filter>
    </ClInclude>
    <ClInclude Include="..\include\evpp\listener.h">
      <Filter>sockets</Filter>
    </ClInclude>
    <ClInclude Include="..\include\evpp\tcp_callbacks.h">
      <Filter>sockets</Filter>
    </ClInclude>
    <ClInclude Include="..\include\evpp\tcp_client.h">
      <Filter>sockets</Filter>
    </ClInclude>
    <ClInclude Include="..\include\evpp\tcp_conn.h">
      <Filter>sockets</Filter>
    </ClInclude>
    <ClInclude Include="..\include\evpp\httpc\response.h">
      <Filter>httpclient</Filter>
    </ClInclude>
    <ClInclude Include="..\include\evpp\httpc\request.h">
      <Filter>httpclient</Filter>
    </ClInclude>
    <ClInclude Include="..\include\evpp\httpc\conn.h">
      <Filter>httpclient</Filter>
    </ClInclude>
    <ClInclude Include="..\include\evpp\httpc\conn_pool.h">
      <Filter>httpclient</Filter>
    </ClInclude>
    <ClInclude Include="..\include\evpp\httpc\url_parser.h">
      <Filter>httpclient</Filter>
    </ClInclude>
  </ItemGroup>
</Project>