
Microsoft Visual Studio Solution File, Format Version 12.00
# Visual Studio 14
VisualStudioVersion = 14.0.25123.0
MinimumVisualStudioVersion = 10.0.40219.1
Project("{8BC9CEB8-8B4A-11D0-8D11-00A0C91BC942}") = "libevpp", "libevpp.vcxproj", "{4877AA94-AD55-407F-9ED3-D4503FAB2A7F}"
	ProjectSection(ProjectDependencies) = postProject
		{772C2111-BBBF-49E6-B912-198A7F7A88E5} = {772C2111-BBBF-49E6-B912-198A7F7A88E5}
	EndProjectSection
EndProject
Project("{8BC9CEB8-8B4A-11D0-8D11-00A0C91BC942}") = "libevpp-test", "libevpp-test.vcxproj", "{13C5E832-391B-47E7-9907-182553B0175E}"
	ProjectSection(ProjectDependencies) = postProject
		{4877AA94-AD55-407F-9ED3-D4503FAB2A7F} = {4877AA94-AD55-407F-9ED3-D4503FAB2A7F}
	EndProjectSection
EndProject
Project("{8BC9CEB8-8B4A-11D0-8D11-00A0C91BC942}") = "libglog_static", "..\3rdparty\glog-0.3.4\vsprojects\libglog_static\libglog_static_libevpp.vcxproj", "{772C2111-BBBF-49E6-B912-198A7F7A88E5}"
EndProject
Project("{8BC9CEB8-8B4A-11D0-8D11-00A0C91BC942}") = "echo", "echo.vcxproj", "{B2ACE5F6-CDA2-4A3E-869C-5E2CA8ED43EE}"
	ProjectSection(ProjectDependencies) = postProject
		{4877AA94-AD55-407F-9ED3-D4503FAB2A7F} = {4877AA94-AD55-407F-9ED3-D4503FAB2A7F}
	EndProjectSection
EndProject
Project("{8BC9CEB8-8B4A-11D0-8D11-00A0C91BC942}") = "pingpong_client", "pingpong_client.vcxproj", "{DEE13AF7-CE91-43A7-89A0-32FB219D4B68}"
	ProjectSection(ProjectDependencies) = postProject
		{4877AA94-AD55-407F-9ED3-D4503FAB2A7F} = {4877AA94-AD55-407F-9ED3-D4503FAB2A7F}
	EndProjectSection
EndProject
Project("{2150E333-8FDC-42A3-9474-1A3956D46DE8}") = "example", "example", "{E8E8B2B4-69D4-4418-8E63-7BBB791472DB}"
EndProject
Project("{2150E333-8FDC-42A3-9474-1A3956D46DE8}") = "pingping", "pingping", "{67DBE3BC-4CDA-4432-8E02-3CC4C04552E8}"
EndProject
Project("{8BC9CEB8-8B4A-11D0-8D11-00A0C91BC942}") = "pingpong_server", "pingpong_server.vcxproj", "{50B6B513-C259-422D-A6E0-A64269D667DD}"
	ProjectSection(ProjectDependencies) = postProject
		{4877AA94-AD55-407F-9ED3-D4503FAB2A7F} = {4877AA94-AD55-407F-9ED3-D4503FAB2A7F}
	EndProjectSection
EndProject
Project("{8BC9CEB8-8B4A-11D0-8D11-00A0C91BC942}") = "libevent", "..\3rdparty\libevent-1.4.15\WIN32-Prj\libevent.vcxproj", "{B98ABFCE-24D4-4B70-94DE-EF7F1E0662F9}"
EndProject
Project("{2150E333-8FDC-42A3-9474-1A3956D46DE8}") = "3rdparty", "3rdparty", "{343D8BB4-8FF3-45AD-8F2B-6888CF913258}"
EndProject
Global
	GlobalSection(SolutionConfigurationPlatforms) = preSolution
		Debug|Win32 = Debug|Win32
		Release|Win32 = Release|Win32
	EndGlobalSection
	GlobalSection(ProjectConfigurationPlatforms) = postSolution
		{4877AA94-AD55-407F-9ED3-D4503FAB2A7F}.Debug|Win32.ActiveCfg = Debug|Win32
		{4877AA94-AD55-407F-9ED3-D4503FAB2A7F}.Debug|Win32.Build.0 = Debug|Win32
		{4877AA94-AD55-407F-9ED3-D4503FAB2A7F}.Release|Win32.ActiveCfg = Release|Win32
		{4877AA94-AD55-407F-9ED3-D4503FAB2A7F}.Release|Win32.Build.0 = Release|Win32
		{13C5E832-391B-47E7-9907-182553B0175E}.Debug|Win32.ActiveCfg = Debug|Win32
		{13C5E832-391B-47E7-9907-182553B0175E}.Debug|Win32.Build.0 = Debug|Win32
		{13C5E832-391B-47E7-9907-182553B0175E}.Release|Win32.ActiveCfg = Release|Win32
		{13C5E832-391B-47E7-9907-182553B0175E}.Release|Win32.Build.0 = Release|Win32
		{772C2111-BBBF-49E6-B912-198A7F7A88E5}.Debug|Win32.ActiveCfg = Debug|Win32
		{772C2111-BBBF-49E6-B912-198A7F7A88E5}.Debug|Win32.Build.0 = Debug|Win32
		{772C2111-BBBF-49E6-B912-198A7F7A88E5}.Release|Win32.ActiveCfg = Release|Win32
		{772C2111-BBBF-49E6-B912-198A7F7A88E5}.Release|Win32.Build.0 = Release|Win32
		{B2ACE5F6-CDA2-4A3E-869C-5E2CA8ED43EE}.Debug|Win32.ActiveCfg = Debug|Win32
		{B2ACE5F6-CDA2-4A3E-869C-5E2CA8ED43EE}.Debug|Win32.Build.0 = Debug|Win32
		{B2ACE5F6-CDA2-4A3E-869C-5E2CA8ED43EE}.Release|Win32.ActiveCfg = Release|Win32
		{B2ACE5F6-CDA2-4A3E-869C-5E2CA8ED43EE}.Release|Win32.Build.0 = Release|Win32
		{DEE13AF7-CE91-43A7-89A0-32FB219D4B68}.Debug|Win32.ActiveCfg = Debug|Win32
		{DEE13AF7-CE91-43A7-89A0-32FB219D4B68}.Debug|Win32.Build.0 = Debug|Win32
		{DEE13AF7-CE91-43A7-89A0-32FB219D4B68}.Release|Win32.ActiveCfg = Release|Win32
		{DEE13AF7-CE91-43A7-89A0-32FB219D4B68}.Release|Win32.Build.0 = Release|Win32
		{50B6B513-C259-422D-A6E0-A64269D667DD}.Debug|Win32.ActiveCfg = Debug|Win32
		{50B6B513-C259-422D-A6E0-A64269D667DD}.Debug|Win32.Build.0 = Debug|Win32
		{50B6B513-C259-422D-A6E0-A64269D667DD}.Release|Win32.ActiveCfg = Release|Win32
		{50B6B513-C259-422D-A6E0-A64269D667DD}.Release|Win32.Build.0 = Release|Win32
		{B98ABFCE-24D4-4B70-94DE-EF7F1E0662F9}.Debug|Win32.ActiveCfg = Debug|Win32
		{B98ABFCE-24D4-4B70-94DE-EF7F1E0662F9}.Debug|Win32.Build.0 = Debug|Win32
		{B98ABFCE-24D4-4B70-94DE-EF7F1E0662F9}.Release|Win32.ActiveCfg = Release|Win32
		{B98ABFCE-24D4-4B70-94DE-EF7F1E0662F9}.Release|Win32.Build.0 = Release|Win32
	EndGlobalSection
	GlobalSection(SolutionProperties) = preSolution
		HideSolutionNode = FALSE
	EndGlobalSection
	GlobalSection(NestedProjects) = preSolution
		{772C2111-BBBF-49E6-B912-198A7F7A88E5} = {343D8BB4-8FF3-45AD-8F2B-6888CF913258}
		{B2ACE5F6-CDA2-4A3E-869C-5E2CA8ED43EE} = {E8E8B2B4-69D4-4418-8E63-7BBB791472DB}
		{DEE13AF7-CE91-43A7-89A0-32FB219D4B68} = {67DBE3BC-4CDA-4432-8E02-3CC4C04552E8}
		{67DBE3BC-4CDA-4432-8E02-3CC4C04552E8} = {E8E8B2B4-69D4-4418-8E63-7BBB791472DB}
		{50B6B513-C259-422D-A6E0-A64269D667DD} = {67DBE3BC-4CDA-4432-8E02-3CC4C04552E8}
		{B98ABFCE-24D4-4B70-94DE-EF7F1E0662F9} = {343D8BB4-8FF3-45AD-8F2B-6888CF913258}
	EndGlobalSection
EndGlobal
