<?xml version="1.0" encoding="utf-8"?>
<Project ToolsVersion="4.0" xmlns="http://schemas.microsoft.com/developer/msbuild/2003">
  <ItemGroup>
    <Filter Include="include">
      <UniqueIdentifier>{93995380-89BD-4b04-88EB-625FBE52EBFB}</UniqueIdentifier>
      <Extensions>h;hh;hpp;hxx;hm;inl;inc;xsd</Extensions>
    </Filter>
    <Filter Include="gtest">
      <UniqueIdentifier>{4FC737F1-C7A5-4376-A066-2A32D752A2FF}</UniqueIdentifier>
      <Extensions>cpp;c;cc;cxx;def;odl;idl;hpj;bat;asm;asmx</Extensions>
    </Filter>
    <Filter Include="common">
      <UniqueIdentifier>{6ca2fb00-be15-47fe-9feb-f1d90072f75e}</UniqueIdentifier>
    </Filter>
    <Filter Include="http">
      <UniqueIdentifier>{9d3887da-b6a3-4955-a8c7-a51e691960a3}</UniqueIdentifier>
    </Filter>
    <Filter Include="udp">
      <UniqueIdentifier>{b60c61e5-b770-42ff-8022-da1d38b15af0}</UniqueIdentifier>
    </Filter>
    <Filter Include="tcp">
      <UniqueIdentifier>{2f9da67d-1677-44fa-bf71-d9df1e3c925a}</UniqueIdentifier>
    </Filter>
    <Filter Include="event_loop">
      <UniqueIdentifier>{67DA6AB6-F800-4c08-8B7A-83BB121AAD01}</UniqueIdentifier>
      <Extensions>rc;ico;cur;bmp;dlg;rc2;rct;bin;rgs;gif;jpg;jpeg;jpe;resx;tiff;tif;png;wav;mfcribbon-ms</Extensions>
    </Filter>
  </ItemGroup>
  <ItemGroup>
    <ClCompile Include="..\test\event_watcher_test.cc">
      <Filter>event_loop</Filter>
    </ClCompile>
    <ClCompile Include="..\test\event_condition_test.cc">
      <Filter>event_loop</Filter>
    </ClCompile>
    <ClCompile Include="..\test\winmain.cc">
      <Filter>gtest</Filter>
    </ClCompile>
    <ClCompile Include="..\test\event_loop_test.cc">
      <Filter>event_loop</Filter>
    </ClCompile>
    <ClCompile Include="..\test\event_loop_thread_test.cc">
      <Filter>event_loop</Filter>
    </ClCompile>
    <ClCompile Include="..\test\event_loop_thread_pool_test.cc">
      <Filter>event_loop</Filter>
    </ClCompile>
    <ClCompile Include="..\test\time_test.cc">
      <Filter>common</Filter>
    </ClCompile>
    <ClCompile Include="..\test\glog_test.cc">
      <Filter>common</Filter>
    </ClCompile>
    <ClCompile Include="..\test\invoke_timer_test.cc">
      <Filter>event_loop</Filter>
    </ClCompile>
    <ClCompile Include="..\test\any_test.cc">
      <Filter>common</Filter>
    </ClCompile>
    <ClCompile Include="..\test\utility_test.cc">
      <Filter>common</Filter>
    </ClCompile>
    <ClCompile Include="..\test\evhttp_client_test.cc">
      <Filter>http</Filter>
    </ClCompile>
    <ClCompile Include="..\test\url_parser_test.cc">
      <Filter>http</Filter>
    </ClCompile>
    <ClCompile Include="..\3rdparty\gtest\src\gtest_main.cc">
      <Filter>gtest</Filter>
    </ClCompile>
    <ClCompile Include="..\3rdparty\gtest\src\gtest-all.cc">
      <Filter>gtest</Filter>
    </ClCompile>
    <ClCompile Include="..\test\buffer_test.cc">
      <Filter>common</Filter>
    </ClCompile>
    <ClCompile Include="..\test\http_server_test.cc">
      <Filter>http</Filter>
    </ClCompile>
    <ClCompile Include="..\test\udp_server_test.cc">
      <Filter>udp</Filter>
    </ClCompile>
    <ClCompile Include="..\test\tcp_server_test.cc">
      <Filter>tcp</Filter>
    </ClCompile>
    <ClCompile Include="..\test\tcp_client_reconnect_test.cc">
      <Filter>tcp</Filter>
    </ClCompile>
    <ClCompile Include="..\test\dns_resolver_test.cc">
      <Filter>tcp</Filter>
    </ClCompile>
    <ClCompile Include="..\test\tcp_client_test.cc">
      <Filter>tcp</Filter>
    </ClCompile>
  </ItemGroup>
  <ItemGroup>
    <ClInclude Include="..\test\test_common.h">
      <Filter>include</Filter>
    </ClInclude>
  </ItemGroup>
</Project>