<?xml version="1.0" encoding="utf-8"?>
<Project ToolsVersion="4.0" xmlns="http://schemas.microsoft.com/developer/msbuild/2003">
  <ItemGroup>
    <Filter Include="include">
      <UniqueIdentifier>{28b8a3fa-bcc1-4411-976b-339f7bfc98d2}</UniqueIdentifier>
    </Filter>
    <Filter Include="src">
      <UniqueIdentifier>{6f8ea9ae-a9a3-4ba6-82c3-337bfd46a0ac}</UniqueIdentifier>
    </Filter>
  </ItemGroup>
  <ItemGroup>
    <ClInclude Include="..\apps\evnsq\command.h">
      <Filter>include</Filter>
    </ClInclude>
    <ClInclude Include="..\apps\evnsq\option.h">
      <Filter>include</Filter>
    </ClInclude>
    <ClInclude Include="..\apps\evnsq\message.h">
      <Filter>include</Filter>
    </ClInclude>
    <ClInclude Include="..\apps\evnsq\consumer.h">
      <Filter>include</Filter>
    </ClInclude>
    <ClInclude Include="..\apps\evnsq\client.h">
      <Filter>include</Filter>
    </ClInclude>
    <ClInclude Include="..\apps\evnsq\producer.h">
      <Filter>include</Filter>
    </ClInclude>
    <ClInclude Include="..\apps\evnsq\nsq_conn.h">
      <Filter>include</Filter>
    </ClInclude>
    <ClInclude Include="..\apps\evnsq\windows_port.h">
      <Filter>include</Filter>
    </ClInclude>
    <ClInclude Include="..\apps\evnsq\config.h">
      <Filter>include</Filter>
    </ClInclude>
  </ItemGroup>
  <ItemGroup>
    <ClCompile Include="..\apps\evnsq\command.cc">
      <Filter>src</Filter>
    </ClCompile>
    <ClCompile Include="..\apps\evnsq\option.cc">
      <Filter>src</Filter>
    </ClCompile>
    <ClCompile Include="..\apps\evnsq\consumer.cc">
      <Filter>src</Filter>
    </ClCompile>
    <ClCompile Include="..\apps\evnsq\client.cc">
      <Filter>src</Filter>
    </ClCompile>
    <ClCompile Include="..\apps\evnsq\producer.cc">
      <Filter>src</Filter>
    </ClCompile>
    <ClCompile Include="..\apps\evnsq\nsq_conn.cc">
      <Filter>src</Filter>
    </ClCompile>
  </ItemGroup>
</Project>