
Microsoft Visual Studio Solution File, Format Version 12.00
# Visual Studio 14
VisualStudioVersion = 14.0.25420.1
MinimumVisualStudioVersion = 10.0.40219.1
Project("{8BC9CEB8-8B4A-11D0-8D11-00A0C91BC942}") = "evpp_static", "libevpp.vcxproj", "{4877AA94-AD55-407F-9ED3-D4503FAB2A7F}"
EndProject
Project("{8BC9CEB8-8B4A-11D0-8D11-00A0C91BC942}") = "evpp-test", "libevpp-test.vcxproj", "{13C5E832-391B-47E7-9907-182553B0175E}"
	ProjectSection(ProjectDependencies) = postProject
		{4877AA94-AD55-407F-9ED3-D4503FAB2A7F} = {4877AA94-AD55-407F-9ED3-D4503FAB2A7F}
	EndProjectSection
EndProject
Project("{8BC9CEB8-8B4A-11D0-8D11-00A0C91BC942}") = "tcp-echo", "echo.vcxproj", "{B2ACE5F6-CDA2-4A3E-869C-5E2CA8ED43EE}"
	ProjectSection(ProjectDependencies) = postProject
		{4877AA94-AD55-407F-9ED3-D4503FAB2A7F} = {4877AA94-AD55-407F-9ED3-D4503FAB2A7F}
	EndProjectSection
EndProject
Project("{8BC9CEB8-8B4A-11D0-8D11-00A0C91BC942}") = "pingpong_client", "pingpong_client.vcxproj", "{DEE13AF7-CE91-43A7-89A0-32FB219D4B68}"
	ProjectSection(ProjectDependencies) = postProject
		{4877AA94-AD55-407F-9ED3-D4503FAB2A7F} = {4877AA94-AD55-407F-9ED3-D4503FAB2A7F}
	EndProjectSection
EndProject
Project("{2150E333-8FDC-42A3-9474-1A3956D46DE8}") = "example", "example", "{E8E8B2B4-69D4-4418-8E63-7BBB791472DB}"
EndProject
Project("{2150E333-8FDC-42A3-9474-1A3956D46DE8}") = "pingping", "pingping", "{67DBE3BC-4CDA-4432-8E02-3CC4C04552E8}"
EndProject
Project("{8BC9CEB8-8B4A-11D0-8D11-00A0C91BC942}") = "pingpong_server", "pingpong_server.vcxproj", "{50B6B513-C259-422D-A6E0-A64269D667DD}"
	ProjectSection(ProjectDependencies) = postProject
		{4877AA94-AD55-407F-9ED3-D4503FAB2A7F} = {4877AA94-AD55-407F-9ED3-D4503FAB2A7F}
	EndProjectSection
EndProject
Project("{2150E333-8FDC-42A3-9474-1A3956D46DE8}") = "apps", "apps", "{D16132BF-EE83-4D96-8941-B8B771E05CB3}"
EndProject
Project("{8BC9CEB8-8B4A-11D0-8D11-00A0C91BC942}") = "evnsq_static", "libevnsq.vcxproj", "{88DAC3B3-597B-4523-B747-81FD02C93B64}"
	ProjectSection(ProjectDependencies) = postProject
		{4877AA94-AD55-407F-9ED3-D4503FAB2A7F} = {4877AA94-AD55-407F-9ED3-D4503FAB2A7F}
	EndProjectSection
EndProject
Project("{8BC9CEB8-8B4A-11D0-8D11-00A0C91BC942}") = "evnsqtail", "evnsqtail.vcxproj", "{F6ED85D5-98C9-4803-A52E-7303294DFDC1}"
	ProjectSection(ProjectDependencies) = postProject
		{88DAC3B3-597B-4523-B747-81FD02C93B64} = {88DAC3B3-597B-4523-B747-81FD02C93B64}
	EndProjectSection
EndProject
Project("{8BC9CEB8-8B4A-11D0-8D11-00A0C91BC942}") = "evmc_static", "libevmc.vcxproj", "{26937AEE-20B3-407B-890F-43008EDA7F2D}"
	ProjectSection(ProjectDependencies) = postProject
		{4877AA94-AD55-407F-9ED3-D4503FAB2A7F} = {4877AA94-AD55-407F-9ED3-D4503FAB2A7F}
	EndProjectSection
EndProject
Project("{8BC9CEB8-8B4A-11D0-8D11-00A0C91BC942}") = "evmc-test", "evmc-test.vcxproj", "{1258C9A8-E2EB-4D07-9627-829051F5F149}"
	ProjectSection(ProjectDependencies) = postProject
		{26937AEE-20B3-407B-890F-43008EDA7F2D} = {26937AEE-20B3-407B-890F-43008EDA7F2D}
	EndProjectSection
EndProject
Project("{2150E333-8FDC-42A3-9474-1A3956D46DE8}") = "nsq", "nsq", "{F4D56DE6-880E-463D-981B-CE0AF42A5EA7}"
EndProject
Project("{2150E333-8FDC-42A3-9474-1A3956D46DE8}") = "memcache", "memcache", "{8EA2676B-3DC5-4F50-BC07-D4AFEE9F4462}"
EndProject
Project("{8BC9CEB8-8B4A-11D0-8D11-00A0C91BC942}") = "evnsq-test", "evnsq-test.vcxproj", "{974479BE-BCF1-46E8-928F-579858D90AAD}"
	ProjectSection(ProjectDependencies) = postProject
		{88DAC3B3-597B-4523-B747-81FD02C93B64} = {88DAC3B3-597B-4523-B747-81FD02C93B64}
	EndProjectSection
EndProject
Project("{8BC9CEB8-8B4A-11D0-8D11-00A0C91BC942}") = "http-echo", "httpecho.vcxproj", "{850BD7DF-6C53-41B9-9521-B093DFFB2E03}"
	ProjectSection(ProjectDependencies) = postProject
		{4877AA94-AD55-407F-9ED3-D4503FAB2A7F} = {4877AA94-AD55-407F-9ED3-D4503FAB2A7F}
	EndProjectSection
EndProject
Project("{2150E333-8FDC-42A3-9474-1A3956D46DE8}") = "echo", "echo", "{EF6FA5F7-6C96-475A-85BD-90C44F3DB29E}"
EndProject
Project("{8BC9CEB8-8B4A-11D0-8D11-00A0C91BC942}") = "udp-echo", "udpecho.vcxproj", "{24EFE4AA-81A5-4FCA-B3A5-6646D2DABEB3}"
	ProjectSection(ProjectDependencies) = postProject
		{4877AA94-AD55-407F-9ED3-D4503FAB2A7F} = {4877AA94-AD55-407F-9ED3-D4503FAB2A7F}
	EndProjectSection
EndProject
Global
	GlobalSection(SolutionConfigurationPlatforms) = preSolution
		Debug|Win32 = Debug|Win32
		Debug|x64 = Debug|x64
		Release|Win32 = Release|Win32
		Release|x64 = Release|x64
	EndGlobalSection
	GlobalSection(ProjectConfigurationPlatforms) = postSolution
		{4877AA94-AD55-407F-9ED3-D4503FAB2A7F}.Debug|Win32.ActiveCfg = Debug|Win32
		{4877AA94-AD55-407F-9ED3-D4503FAB2A7F}.Debug|Win32.Build.0 = Debug|Win32
		{4877AA94-AD55-407F-9ED3-D4503FAB2A7F}.Debug|x64.ActiveCfg = Debug|Win32
		{4877AA94-AD55-407F-9ED3-D4503FAB2A7F}.Release|Win32.ActiveCfg = Release|Win32
		{4877AA94-AD55-407F-9ED3-D4503FAB2A7F}.Release|Win32.Build.0 = Release|Win32
		{4877AA94-AD55-407F-9ED3-D4503FAB2A7F}.Release|x64.ActiveCfg = Release|Win32
		{13C5E832-391B-47E7-9907-182553B0175E}.Debug|Win32.ActiveCfg = Debug|Win32
		{13C5E832-391B-47E7-9907-182553B0175E}.Debug|Win32.Build.0 = Debug|Win32
		{13C5E832-391B-47E7-9907-182553B0175E}.Debug|x64.ActiveCfg = Debug|Win32
		{13C5E832-391B-47E7-9907-182553B0175E}.Release|Win32.ActiveCfg = Release|Win32
		{13C5E832-391B-47E7-9907-182553B0175E}.Release|Win32.Build.0 = Release|Win32
		{13C5E832-391B-47E7-9907-182553B0175E}.Release|x64.ActiveCfg = Release|Win32
		{B2ACE5F6-CDA2-4A3E-869C-5E2CA8ED43EE}.Debug|Win32.ActiveCfg = Debug|Win32
		{B2ACE5F6-CDA2-4A3E-869C-5E2CA8ED43EE}.Debug|Win32.Build.0 = Debug|Win32
		{B2ACE5F6-CDA2-4A3E-869C-5E2CA8ED43EE}.Debug|x64.ActiveCfg = Debug|Win32
		{B2ACE5F6-CDA2-4A3E-869C-5E2CA8ED43EE}.Release|Win32.ActiveCfg = Release|Win32
		{B2ACE5F6-CDA2-4A3E-869C-5E2CA8ED43EE}.Release|Win32.Build.0 = Release|Win32
		{B2ACE5F6-CDA2-4A3E-869C-5E2CA8ED43EE}.Release|x64.ActiveCfg = Release|Win32
		{DEE13AF7-CE91-43A7-89A0-32FB219D4B68}.Debug|Win32.ActiveCfg = Debug|Win32
		{DEE13AF7-CE91-43A7-89A0-32FB219D4B68}.Debug|Win32.Build.0 = Debug|Win32
		{DEE13AF7-CE91-43A7-89A0-32FB219D4B68}.Debug|x64.ActiveCfg = Debug|Win32
		{DEE13AF7-CE91-43A7-89A0-32FB219D4B68}.Release|Win32.ActiveCfg = Release|Win32
		{DEE13AF7-CE91-43A7-89A0-32FB219D4B68}.Release|Win32.Build.0 = Release|Win32
		{DEE13AF7-CE91-43A7-89A0-32FB219D4B68}.Release|x64.ActiveCfg = Release|Win32
		{50B6B513-C259-422D-A6E0-A64269D667DD}.Debug|Win32.ActiveCfg = Debug|Win32
		{50B6B513-C259-422D-A6E0-A64269D667DD}.Debug|Win32.Build.0 = Debug|Win32
		{50B6B513-C259-422D-A6E0-A64269D667DD}.Debug|x64.ActiveCfg = Debug|Win32
		{50B6B513-C259-422D-A6E0-A64269D667DD}.Release|Win32.ActiveCfg = Release|Win32
		{50B6B513-C259-422D-A6E0-A64269D667DD}.Release|Win32.Build.0 = Release|Win32
		{50B6B513-C259-422D-A6E0-A64269D667DD}.Release|x64.ActiveCfg = Release|Win32
		{88DAC3B3-597B-4523-B747-81FD02C93B64}.Debug|Win32.ActiveCfg = Debug|Win32
		{88DAC3B3-597B-4523-B747-81FD02C93B64}.Debug|Win32.Build.0 = Debug|Win32
		{88DAC3B3-597B-4523-B747-81FD02C93B64}.Debug|x64.ActiveCfg = Debug|x64
		{88DAC3B3-597B-4523-B747-81FD02C93B64}.Debug|x64.Build.0 = Debug|x64
		{88DAC3B3-597B-4523-B747-81FD02C93B64}.Release|Win32.ActiveCfg = Release|Win32
		{88DAC3B3-597B-4523-B747-81FD02C93B64}.Release|Win32.Build.0 = Release|Win32
		{88DAC3B3-597B-4523-B747-81FD02C93B64}.Release|x64.ActiveCfg = Release|x64
		{88DAC3B3-597B-4523-B747-81FD02C93B64}.Release|x64.Build.0 = Release|x64
		{F6ED85D5-98C9-4803-A52E-7303294DFDC1}.Debug|Win32.ActiveCfg = Debug|Win32
		{F6ED85D5-98C9-4803-A52E-7303294DFDC1}.Debug|Win32.Build.0 = Debug|Win32
		{F6ED85D5-98C9-4803-A52E-7303294DFDC1}.Debug|x64.ActiveCfg = Debug|Win32
		{F6ED85D5-98C9-4803-A52E-7303294DFDC1}.Release|Win32.ActiveCfg = Release|Win32
		{F6ED85D5-98C9-4803-A52E-7303294DFDC1}.Release|Win32.Build.0 = Release|Win32
		{F6ED85D5-98C9-4803-A52E-7303294DFDC1}.Release|x64.ActiveCfg = Release|Win32
		{26937AEE-20B3-407B-890F-43008EDA7F2D}.Debug|Win32.ActiveCfg = Debug|Win32
		{26937AEE-20B3-407B-890F-43008EDA7F2D}.Debug|Win32.Build.0 = Debug|Win32
		{26937AEE-20B3-407B-890F-43008EDA7F2D}.Debug|x64.ActiveCfg = Debug|x64
		{26937AEE-20B3-407B-890F-43008EDA7F2D}.Debug|x64.Build.0 = Debug|x64
		{26937AEE-20B3-407B-890F-43008EDA7F2D}.Release|Win32.ActiveCfg = Release|Win32
		{26937AEE-20B3-407B-890F-43008EDA7F2D}.Release|Win32.Build.0 = Release|Win32
		{26937AEE-20B3-407B-890F-43008EDA7F2D}.Release|x64.ActiveCfg = Release|x64
		{26937AEE-20B3-407B-890F-43008EDA7F2D}.Release|x64.Build.0 = Release|x64
		{1258C9A8-E2EB-4D07-9627-829051F5F149}.Debug|Win32.ActiveCfg = Debug|Win32
		{1258C9A8-E2EB-4D07-9627-829051F5F149}.Debug|Win32.Build.0 = Debug|Win32
		{1258C9A8-E2EB-4D07-9627-829051F5F149}.Debug|x64.ActiveCfg = Debug|Win32
		{1258C9A8-E2EB-4D07-9627-829051F5F149}.Release|Win32.ActiveCfg = Release|Win32
		{1258C9A8-E2EB-4D07-9627-829051F5F149}.Release|Win32.Build.0 = Release|Win32
		{1258C9A8-E2EB-4D07-9627-829051F5F149}.Release|x64.ActiveCfg = Release|Win32
		{974479BE-BCF1-46E8-928F-579858D90AAD}.Debug|Win32.ActiveCfg = Debug|Win32
		{974479BE-BCF1-46E8-928F-579858D90AAD}.Debug|Win32.Build.0 = Debug|Win32
		{974479BE-BCF1-46E8-928F-579858D90AAD}.Debug|x64.ActiveCfg = Debug|Win32
		{974479BE-BCF1-46E8-928F-579858D90AAD}.Release|Win32.ActiveCfg = Release|Win32
		{974479BE-BCF1-46E8-928F-579858D90AAD}.Release|Win32.Build.0 = Release|Win32
		{974479BE-BCF1-46E8-928F-579858D90AAD}.Release|x64.ActiveCfg = Release|Win32
		{850BD7DF-6C53-41B9-9521-B093DFFB2E03}.Debug|Win32.ActiveCfg = Debug|Win32
		{850BD7DF-6C53-41B9-9521-B093DFFB2E03}.Debug|Win32.Build.0 = Debug|Win32
		{850BD7DF-6C53-41B9-9521-B093DFFB2E03}.Debug|x64.ActiveCfg = Debug|Win32
		{850BD7DF-6C53-41B9-9521-B093DFFB2E03}.Release|Win32.ActiveCfg = Release|Win32
		{850BD7DF-6C53-41B9-9521-B093DFFB2E03}.Release|Win32.Build.0 = Release|Win32
		{850BD7DF-6C53-41B9-9521-B093DFFB2E03}.Release|x64.ActiveCfg = Release|Win32
		{24EFE4AA-81A5-4FCA-B3A5-6646D2DABEB3}.Debug|Win32.ActiveCfg = Debug|Win32
		{24EFE4AA-81A5-4FCA-B3A5-6646D2DABEB3}.Debug|Win32.Build.0 = Debug|Win32
		{24EFE4AA-81A5-4FCA-B3A5-6646D2DABEB3}.Debug|x64.ActiveCfg = Debug|Win32
		{24EFE4AA-81A5-4FCA-B3A5-6646D2DABEB3}.Release|Win32.ActiveCfg = Release|Win32
		{24EFE4AA-81A5-4FCA-B3A5-6646D2DABEB3}.Release|Win32.Build.0 = Release|Win32
		{24EFE4AA-81A5-4FCA-B3A5-6646D2DABEB3}.Release|x64.ActiveCfg = Release|Win32
	EndGlobalSection
	GlobalSection(SolutionProperties) = preSolution
		HideSolutionNode = FALSE
	EndGlobalSection
	GlobalSection(NestedProjects) = preSolution
		{B2ACE5F6-CDA2-4A3E-869C-5E2CA8ED43EE} = {EF6FA5F7-6C96-475A-85BD-90C44F3DB29E}
		{DEE13AF7-CE91-43A7-89A0-32FB219D4B68} = {67DBE3BC-4CDA-4432-8E02-3CC4C04552E8}
		{67DBE3BC-4CDA-4432-8E02-3CC4C04552E8} = {E8E8B2B4-69D4-4418-8E63-7BBB791472DB}
		{50B6B513-C259-422D-A6E0-A64269D667DD} = {67DBE3BC-4CDA-4432-8E02-3CC4C04552E8}
		{88DAC3B3-597B-4523-B747-81FD02C93B64} = {F4D56DE6-880E-463D-981B-CE0AF42A5EA7}
		{F6ED85D5-98C9-4803-A52E-7303294DFDC1} = {F4D56DE6-880E-463D-981B-CE0AF42A5EA7}
		{26937AEE-20B3-407B-890F-43008EDA7F2D} = {8EA2676B-3DC5-4F50-BC07-D4AFEE9F4462}
		{1258C9A8-E2EB-4D07-9627-829051F5F149} = {8EA2676B-3DC5-4F50-BC07-D4AFEE9F4462}
		{F4D56DE6-880E-463D-981B-CE0AF42A5EA7} = {D16132BF-EE83-4D96-8941-B8B771E05CB3}
		{8EA2676B-3DC5-4F50-BC07-D4AFEE9F4462} = {D16132BF-EE83-4D96-8941-B8B771E05CB3}
		{974479BE-BCF1-46E8-928F-579858D90AAD} = {F4D56DE6-880E-463D-981B-CE0AF42A5EA7}
		{850BD7DF-6C53-41B9-9521-B093DFFB2E03} = {EF6FA5F7-6C96-475A-85BD-90C44F3DB29E}
		{EF6FA5F7-6C96-475A-85BD-90C44F3DB29E} = {E8E8B2B4-69D4-4418-8E63-7BBB791472DB}
		{24EFE4AA-81A5-4FCA-B3A5-6646D2DABEB3} = {EF6FA5F7-6C96-475A-85BD-90C44F3DB29E}
	EndGlobalSection
EndGlobal
